
Microsoft Visual Studio Solution File, Format Version 12.00
# Visual Studio Version 17
VisualStudioVersion = 17.8.34525.116
MinimumVisualStudioVersion = 10.0.40219.1
Project("{2150E333-8FDC-42A3-9474-1A3956D46DE8}") = "Services", "Services", "{7FCF318E-87F1-435D-B7B0-E4C638E59F57}"
EndProject
Project("{2150E333-8FDC-42A3-9474-1A3956D46DE8}") = "Catalog", "Catalog", "{E9A8D56F-B017-4633-80E1-B86AB9439403}"
EndProject
Project("{9A19103F-16F7-4668-BE54-9A1E7A4F7556}") = "Catalog.API", "Services\Catalog\Catalog.API\Catalog.API.csproj", "{13D79B35-7D87-4443-92EB-52450E6F7B9A}"
EndProject
Project("{2150E333-8FDC-42A3-9474-1A3956D46DE8}") = "BuildingBlocks", "BuildingBlocks", "{14A6A7C7-D355-4B95-816C-A52F92292B7C}"
EndProject
Project("{9A19103F-16F7-4668-BE54-9A1E7A4F7556}") = "BuildingBlocks", "BuildingBlocks\BuildingBlocks\BuildingBlocks.csproj", "{FADDBBC7-0C6F-4626-8CD0-64DE5DAE98EE}"
EndProject
Project("{E53339B2-1760-4266-BCC7-CA923CBCF16C}") = "docker-compose", "docker-compose.dcproj", "{6AB7AAE5-359B-422A-97CE-EA933DF149E8}"
EndProject
Project("{2150E333-8FDC-42A3-9474-1A3956D46DE8}") = "Basket", "Basket", "{933336E2-8988-4CC9-9561-996FB20242BA}"
	ProjectSection(SolutionItems) = preProject
		README.md = README.md
	EndProjectSection
EndProject
Project("{FAE04EC0-301F-11D3-BF4B-00C04F79EFBC}") = "Basket.API", "Services\Basket\Basket.API\Basket.API.csproj", "{D0E8587B-6E02-4433-8187-2C1A1D2F17A4}"
EndProject
Global
	GlobalSection(SolutionConfigurationPlatforms) = preSolution
		Debug|Any CPU = Debug|Any CPU
		Release|Any CPU = Release|Any CPU
	EndGlobalSection
	GlobalSection(ProjectConfigurationPlatforms) = postSolution
		{13D79B35-7D87-4443-92EB-52450E6F7B9A}.Debug|Any CPU.ActiveCfg = Debug|Any CPU
		{13D79B35-7D87-4443-92EB-52450E6F7B9A}.Debug|Any CPU.Build.0 = Debug|Any CPU
		{13D79B35-7D87-4443-92EB-52450E6F7B9A}.Release|Any CPU.ActiveCfg = Release|Any CPU
		{13D79B35-7D87-4443-92EB-52450E6F7B9A}.Release|Any CPU.Build.0 = Release|Any CPU
		{FADDBBC7-0C6F-4626-8CD0-64DE5DAE98EE}.Debug|Any CPU.ActiveCfg = Debug|Any CPU
		{FADDBBC7-0C6F-4626-8CD0-64DE5DAE98EE}.Debug|Any CPU.Build.0 = Debug|Any CPU
		{FADDBBC7-0C6F-4626-8CD0-64DE5DAE98EE}.Release|Any CPU.ActiveCfg = Release|Any CPU
		{FADDBBC7-0C6F-4626-8CD0-64DE5DAE98EE}.Release|Any CPU.Build.0 = Release|Any CPU
		{6AB7AAE5-359B-422A-97CE-EA933DF149E8}.Debug|Any CPU.ActiveCfg = Debug|Any CPU
		{6AB7AAE5-359B-422A-97CE-EA933DF149E8}.Debug|Any CPU.Build.0 = Debug|Any CPU
		{6AB7AAE5-359B-422A-97CE-EA933DF149E8}.Release|Any CPU.ActiveCfg = Release|Any CPU
		{6AB7AAE5-359B-422A-97CE-EA933DF149E8}.Release|Any CPU.Build.0 = Release|Any CPU
		{D0E8587B-6E02-4433-8187-2C1A1D2F17A4}.Debug|Any CPU.ActiveCfg = Debug|Any CPU
		{D0E8587B-6E02-4433-8187-2C1A1D2F17A4}.Debug|Any CPU.Build.0 = Debug|Any CPU
		{D0E8587B-6E02-4433-8187-2C1A1D2F17A4}.Release|Any CPU.ActiveCfg = Release|Any CPU
		{D0E8587B-6E02-4433-8187-2C1A1D2F17A4}.Release|Any CPU.Build.0 = Release|Any CPU
	EndGlobalSection
	GlobalSection(SolutionProperties) = preSolution
		HideSolutionNode = FALSE
	EndGlobalSection
	GlobalSection(NestedProjects) = preSolution
		{E9A8D56F-B017-4633-80E1-B86AB9439403} = {7FCF318E-87F1-435D-B7B0-E4C638E59F57}
		{13D79B35-7D87-4443-92EB-52450E6F7B9A} = {E9A8D56F-B017-4633-80E1-B86AB9439403}
		{FADDBBC7-0C6F-4626-8CD0-64DE5DAE98EE} = {14A6A7C7-D355-4B95-816C-A52F92292B7C}
		{933336E2-8988-4CC9-9561-996FB20242BA} = {7FCF318E-87F1-435D-B7B0-E4C638E59F57}
		{D0E8587B-6E02-4433-8187-2C1A1D2F17A4} = {933336E2-8988-4CC9-9561-996FB20242BA}
	EndGlobalSection
	GlobalSection(ExtensibilityGlobals) = postSolution
		SolutionGuid = {964A5FA7-CBD7-47BD-BFEF-236C63E16B23}
	EndGlobalSection
EndGlobal
